PODS:
  - google-cast-sdk (4.5.3):
    - google-cast-sdk/Core (= 4.5.3)
    - GTMSessionFetcher/Core (~> 1.1)
    - Protobuf (~> 3.13)
  - google-cast-sdk/Core (4.5.3):
    - GTMSessionFetcher/Core (~> 1.1)
    - Protobuf (~> 3.13)
  - GTMSessionFetcher/Core (1.5.0)
  - Protobuf (3.14.0)

DEPENDENCIES:
  - google-cast-sdk (>= 4.5.3)

SPEC REPOS:
  trunk:
    - google-cast-sdk
    - GTMSessionFetcher
    - Protobuf

SPEC CHECKSUMS:
  google-cast-sdk: f94c5df87564f71d4342400b8487665e9bed27c6
  GTMSessionFetcher: b3503b20a988c4e20cc189aa798fd18220133f52
  Protobuf: 0cde852566359049847168e51bd1c690e0f70056

PODFILE CHECKSUM: 327b0bcf2798499289e015ae87fe2ea2ec19b8bf

COCOAPODS: 1.10.1
